{
  "name": "mmorpg-pages",
  "lockfileVersion": 3,
  "requires": true,
  "packages": {
    "": {
      "name": "mmorpg-pages",
      "devDependencies": {
        "@moritzbrantner/github-pages-template": "git+https://github.com/moritzbrantner/github-pages-template.git#7696672835b8a33eb31607ce000e650775e0f0b8"
      },
      "engines": {
        "node": ">=24"
      }
    },
    "node_modules/@moritzbrantner/github-pages-template": {
      "version": "0.1.0",
      "resolved": "git+https://github.com/moritzbrantner/github-pages-template.git#7696672835b8a33eb31607ce000e650775e0f0b8",
      "dev": true,
      "license": "MIT",
      "bin": {
        "github-pages-template": "bin/github-pages-template.mjs"
      },
      "engines": {
        "node": ">=24"
      }
    }
  }
}
